// !$*UTF8*$!
{
	archiveVersion = 1;
	classes = {
	};
	objectVersion = 48;
	objects = {

/* Begin PBXBuildFile section */
		16BC360D1FCE4B1D00FEE28E /* AppDelegate.m in Sources */ = {isa = PBXBuildFile; fileRef = 16BC360C1FCE4B1D00FEE28E /* AppDelegate.m */; };
		16BC36131FCE4B1D00FEE28E /* Main.storyboard in Resources */ = {isa = PBXBuildFile; fileRef = 16BC36111FCE4B1D00FEE28E /* Main.storyboard */; };
		16BC36151FCE4B1D00FEE28E /* Assets.xcassets in Resources */ = {isa = PBXBuildFile; fileRef = 16BC36141FCE4B1D00FEE28E /* Assets.xcassets */; };
		16BC36181FCE4B1D00FEE28E /* LaunchScreen.storyboard in Resources */ = {isa = PBXBuildFile; fileRef = 16BC36161FCE4B1D00FEE28E /* LaunchScreen.storyboard */; };
		16BC361B1FCE4B1D00FEE28E /* main.m in Sources */ = {isa = PBXBuildFile; fileRef = 16BC361A1FCE4B1D00FEE28E /* main.m */; };
		16BC36231FCE4B6500FEE28E /* RootViewController.m in Sources */ = {isa = PBXBuildFile; fileRef = 16BC36221FCE4B6500FEE28E /* RootViewController.m */; };
		16BC362D1FCE5C4200FEE28E /* MainTableViewController.m in Sources */ = {isa = PBXBuildFile; fileRef = 16BC362C1FCE5C4200FEE28E /* MainTableViewController.m */; };
		16BC36331FCE5C6D00FEE28E /* MainTableViewCell.m in Sources */ = {isa = PBXBuildFile; fileRef = 16BC36321FCE5C6D00FEE28E /* MainTableViewCell.m */; };
		16BC36361FCE5D6800FEE28E /* MainModel.m in Sources */ = {isa = PBXBuildFile; fileRef = 16BC36351FCE5D6800FEE28E /* MainModel.m */; };
		16BC363A1FCE940B00FEE28E /* HTTPRequest.m in Sources */ = {isa = PBXBuildFile; fileRef = 16BC36391FCE940B00FEE28E /* HTTPRequest.m */; };
		16BC363D1FCE959B00FEE28E /* MainTableViewModel.m in Sources */ = {isa = PBXBuildFile; fileRef = 16BC363C1FCE959B00FEE28E /* MainTableViewModel.m */; };
		16BC36401FCE99DA00FEE28E /* BaseViewModel.m in Sources */ = {isa = PBXBuildFile; fileRef = 16BC363F1FCE99DA00FEE28E /* BaseViewModel.m */; };
		FC76E48DBCB6B1FC8C311A48 /* libPods-MVVM-MVP-iOS.a in Frameworks */ = {isa = PBXBuildFile; fileRef = 2CF87F3F98543084B4B4AE51 /* libPods-MVVM-MVP-iOS.a */; };
/* End PBXBuildFile section */

/* Begin PBXFileReference section */
		16BC36081FCE4B1D00FEE28E /* MVVM-MVP-iOS.app */ = {isa = PBXFileReference; explicitFileType = wrapper.application; includeInIndex = 0; path = "MVVM-MVP-iOS.app"; sourceTree = BUILT_PRODUCTS_DIR; };
		16BC360B1FCE4B1D00FEE28E /* AppDelegate.h */ = {isa = PBXFileReference; lastKnownFileType = sourcecode.c.h; path = AppDelegate.h; sourceTree = "<group>"; };
		16BC360C1FCE4B1D00FEE28E /* AppDelegate.m */ = {isa = PBXFileReference; lastKnownFileType = sourcecode.c.objc; path = AppDelegate.m; sourceTree = "<group>"; };
		16BC36121FCE4B1D00FEE28E /* Base */ = {isa = PBXFileReference; lastKnownFileType = file.storyboard; name = Base; path = Base.lproj/Main.storyboard; sourceTree = "<group>"; };
		16BC36141FCE4B1D00FEE28E /* Assets.xcassets */ = {isa = PBXFileReference; lastKnownFileType = folder.assetcatalog; path = Assets.xcassets; sourceTree = "<group>"; };
		16BC36171FCE4B1D00FEE28E /* Base */ = {isa = PBXFileReference; lastKnownFileType = file.storyboard; name = Base; path = Base.lproj/LaunchScreen.storyboard; sourceTree = "<group>"; };
		16BC36191FCE4B1D00FEE28E /* Info.plist */ = {isa = PBXFileReference; lastKnownFileType = text.plist.xml; path = Info.plist; sourceTree = "<group>"; };
		16BC361A1FCE4B1D00FEE28E /* main.m */ = {isa = PBXFileReference; lastKnownFileType = sourcecode.c.objc; path = main.m; sourceTree = "<group>"; };
		16BC36211FCE4B6500FEE28E /* RootViewController.h */ = {isa = PBXFileReference; lastKnownFileType = sourcecode.c.h; path = RootViewController.h; sourceTree = "<group>"; };
		16BC36221FCE4B6500FEE28E /* RootViewController.m */ = {isa = PBXFileReference; lastKnownFileType = sourcecode.c.objc; path = RootViewController.m; sourceTree = "<group>"; };
		16BC36261FCE53D900FEE28E /* Header.h */ = {isa = PBXFileReference; fileEncoding = 4; lastKnownFileType = sourcecode.c.h; path = Header.h; sourceTree = "<group>"; };
		16BC36271FCE53D900FEE28E /* PrefixHeader.pch */ = {isa = PBXFileReference; fileEncoding = 4; lastKnownFileType = sourcecode.c.h; path = PrefixHeader.pch; sourceTree = "<group>"; };
		16BC362B1FCE5C4200FEE28E /* MainTableViewController.h */ = {isa = PBXFileReference; lastKnownFileType = sourcecode.c.h; path = MainTableViewController.h; sourceTree = "<group>"; };
		16BC362C1FCE5C4200FEE28E /* MainTableViewController.m */ = {isa = PBXFileReference; lastKnownFileType = sourcecode.c.objc; path = MainTableViewController.m; sourceTree = "<group>"; };
		16BC36311FCE5C6D00FEE28E /* MainTableViewCell.h */ = {isa = PBXFileReference; lastKnownFileType = sourcecode.c.h; path = MainTableViewCell.h; sourceTree = "<group>"; };
		16BC36321FCE5C6D00FEE28E /* MainTableViewCell.m */ = {isa = PBXFileReference; lastKnownFileType = sourcecode.c.objc; path = MainTableViewCell.m; sourceTree = "<group>"; };
		16BC36341FCE5D6800FEE28E /* MainModel.h */ = {isa = PBXFileReference; lastKnownFileType = sourcecode.c.h; path = MainModel.h; sourceTree = "<group>"; };
		16BC36351FCE5D6800FEE28E /* MainModel.m */ = {isa = PBXFileReference; lastKnownFileType = sourcecode.c.objc; path = MainModel.m; sourceTree = "<group>"; };
		16BC36381FCE940B00FEE28E /* HTTPRequest.h */ = {isa = PBXFileReference; lastKnownFileType = sourcecode.c.h; path = HTTPRequest.h; sourceTree = "<group>"; };
		16BC36391FCE940B00FEE28E /* HTTPRequest.m */ = {isa = PBXFileReference; lastKnownFileType = sourcecode.c.objc; path = HTTPRequest.m; sourceTree = "<group>"; };
		16BC363B1FCE959B00FEE28E /* MainTableViewModel.h */ = {isa = PBXFileReference; lastKnownFileType = sourcecode.c.h; path = MainTableViewModel.h; sourceTree = "<group>"; };
		16BC363C1FCE959B00FEE28E /* MainTableViewModel.m */ = {isa = PBXFileReference; lastKnownFileType = sourcecode.c.objc; path = MainTableViewModel.m; sourceTree = "<group>"; };
		16BC363E1FCE99DA00FEE28E /* BaseViewModel.h */ = {isa = PBXFileReference; lastKnownFileType = sourcecode.c.h; path = BaseViewModel.h; sourceTree = "<group>"; };
		16BC363F1FCE99DA00FEE28E /* BaseViewModel.m */ = {isa = PBXFileReference; lastKnownFileType = sourcecode.c.objc; path = BaseViewModel.m; sourceTree = "<group>"; };
		2CF87F3F98543084B4B4AE51 /* libPods-MVVM-MVP-iOS.a */ = {isa = PBXFileReference; explicitFileType = archive.ar; includeInIndex = 0; path = "libPods-MVVM-MVP-iOS.a"; sourceTree = BUILT_PRODUCTS_DIR; };
		5A1828F623AC8D2A4161C438 /* Pods-MVVM-MVP-iOS.debug.xcconfig */ = {isa = PBXFileReference; includeInIndex = 1; lastKnownFileType = text.xcconfig; name = "Pods-MVVM-MVP-iOS.debug.xcconfig"; path = "Pods/Target Support Files/Pods-MVVM-MVP-iOS/Pods-MVVM-MVP-iOS.debug.xcconfig"; sourceTree = "<group>"; };
		A1B78365CB86F2837A57F317 /* Pods-MVVM-MVP-iOS.release.xcconfig */ = {isa = PBXFileReference; includeInIndex = 1; lastKnownFileType = text.xcconfig; name = "Pods-MVVM-MVP-iOS.release.xcconfig"; path = "Pods/Target Support Files/Pods-MVVM-MVP-iOS/Pods-MVVM-MVP-iOS.release.xcconfig"; sourceTree = "<group>"; };
/* End PBXFileReference section */

/* Begin PBXFrameworksBuildPhase section */
		16BC36051FCE4B1D00FEE28E /* Frameworks */ = {
			isa = PBXFrameworksBuildPhase;
			buildActionMask = 2147483647;
			files = (
				FC76E48DBCB6B1FC8C311A48 /* libPods-MVVM-MVP-iOS.a in Frameworks */,
			);
			runOnlyForDeploymentPostprocessing = 0;
		};
/* End PBXFrameworksBuildPhase section */

/* Begin PBXGroup section */
		16BC35FF1FCE4B1D00FEE28E = {
			isa = PBXGroup;
			children = (
				16BC360A1FCE4B1D00FEE28E /* MVVM-MVP-iOS */,
				16BC36091FCE4B1D00FEE28E /* Products */,
				5263D6DFA38717308AA63742 /* Pods */,
				857C08D5A644D0FCB9BBB8D8 /* Frameworks */,
			);
			sourceTree = "<group>";
		};
		16BC36091FCE4B1D00FEE28E /* Products */ = {
			isa = PBXGroup;
			children = (
				16BC36081FCE4B1D00FEE28E /* MVVM-MVP-iOS.app */,
			);
			name = Products;
			sourceTree = "<group>";
		};
		16BC360A1FCE4B1D00FEE28E /* MVVM-MVP-iOS */ = {
			isa = PBXGroup;
			children = (
				16BC360B1FCE4B1D00FEE28E /* AppDelegate.h */,
				16BC360C1FCE4B1D00FEE28E /* AppDelegate.m */,
				16BC36211FCE4B6500FEE28E /* RootViewController.h */,
				16BC36221FCE4B6500FEE28E /* RootViewController.m */,
				16BC36371FCE93E800FEE28E /* HTTP */,
				16BC36251FCE4B7900FEE28E /* MVC */,
				16BC36241FCE4B7900FEE28E /* MVVM */,
				16BC36111FCE4B1D00FEE28E /* Main.storyboard */,
				16BC36141FCE4B1D00FEE28E /* Assets.xcassets */,
				16BC36161FCE4B1D00FEE28E /* LaunchScreen.storyboard */,
				16BC36191FCE4B1D00FEE28E /* Info.plist */,
				16BC36261FCE53D900FEE28E /* Header.h */,
				16BC36271FCE53D900FEE28E /* PrefixHeader.pch */,
				16BC361A1FCE4B1D00FEE28E /* main.m */,
			);
			path = "MVVM-MVP-iOS";
			sourceTree = "<group>";
		};
		16BC36241FCE4B7900FEE28E /* MVVM */ = {
			isa = PBXGroup;
			children = (
				16BC362A1FCE5BF300FEE28E /* Public */,
				16BC36291FCE5BEC00FEE28E /* ViewModel */,
				16BC36281FCE5BE400FEE28E /* Model */,
			);
			path = MVVM;
			sourceTree = "<group>";
		};
		16BC36251FCE4B7900FEE28E /* MVC */ = {
			isa = PBXGroup;
			children = (
			);
			path = MVC;
			sourceTree = "<group>";
		};
		16BC36281FCE5BE400FEE28E /* Model */ = {
			isa = PBXGroup;
			children = (
				16BC36341FCE5D6800FEE28E /* MainModel.h */,
				16BC36351FCE5D6800FEE28E /* MainModel.m */,
			);
			path = Model;
			sourceTree = "<group>";
		};
		16BC36291FCE5BEC00FEE28E /* ViewModel */ = {
			isa = PBXGroup;
			children = (
				16BC363B1FCE959B00FEE28E /* MainTableViewModel.h */,
				16BC363C1FCE959B00FEE28E /* MainTableViewModel.m */,
				16BC363E1FCE99DA00FEE28E /* BaseViewModel.h */,
				16BC363F1FCE99DA00FEE28E /* BaseViewModel.m */,
			);
			path = ViewModel;
			sourceTree = "<group>";
		};
		16BC362A1FCE5BF300FEE28E /* Public */ = {
			isa = PBXGroup;
			children = (
				16BC362B1FCE5C4200FEE28E /* MainTableViewController.h */,
				16BC362C1FCE5C4200FEE28E /* MainTableViewController.m */,
				16BC36311FCE5C6D00FEE28E /* MainTableViewCell.h */,
				16BC36321FCE5C6D00FEE28E /* MainTableViewCell.m */,
			);
			path = Public;
			sourceTree = "<group>";
		};
		16BC36371FCE93E800FEE28E /* HTTP */ = {
			isa = PBXGroup;
			children = (
				16BC36381FCE940B00FEE28E /* HTTPRequest.h */,
				16BC36391FCE940B00FEE28E /* HTTPRequest.m */,
			);
			path = HTTP;
			sourceTree = "<group>";
		};
		5263D6DFA38717308AA63742 /* Pods */ = {
			isa = PBXGroup;
			children = (
				5A1828F623AC8D2A4161C438 /* Pods-MVVM-MVP-iOS.debug.xcconfig */,
				A1B78365CB86F2837A57F317 /* Pods-MVVM-MVP-iOS.release.xcconfig */,
			);
			name = Pods;
			sourceTree = "<group>";
		};
		857C08D5A644D0FCB9BBB8D8 /* Frameworks */ = {
			isa = PBXGroup;
			children = (
				2CF87F3F98543084B4B4AE51 /* libPods-MVVM-MVP-iOS.a */,
			);
			name = Frameworks;
			sourceTree = "<group>";
		};
/* End PBXGroup section */

/* Begin PBXNativeTarget section */
		16BC36071FCE4B1D00FEE28E /* MVVM-MVP-iOS */ = {
			isa = PBXNativeTarget;
			buildConfigurationList = 16BC361E1FCE4B1D00FEE28E /* Build configuration list for PBXNativeTarget "MVVM-MVP-iOS" */;
			buildPhases = (
				2DF78BD51A7F38E2A8C7145C /* [CP] Check Pods Manifest.lock */,
				16BC36041FCE4B1D00FEE28E /* Sources */,
				16BC36051FCE4B1D00FEE28E /* Frameworks */,
				16BC36061FCE4B1D00FEE28E /* Resources */,
				B9F1D432989B1C03267E2D1A /* [CP] Embed Pods Frameworks */,
				2032B2E1194B0A9725A95A91 /* [CP] Copy Pods Resources */,
			);
			buildRules = (
			);
			dependencies = (
			);
			name = "MVVM-MVP-iOS";
			productName = "MVVM-MVP-iOS";
			productReference = 16BC36081FCE4B1D00FEE28E /* MVVM-MVP-iOS.app */;
			productType = "com.apple.product-type.application";
		};
/* End PBXNativeTarget section */

/* Begin PBXProject section */
		16BC36001FCE4B1D00FEE28E /* Project object */ = {
			isa = PBXProject;
			attributes = {
				LastUpgradeCheck = 0910;
				ORGANIZATIONNAME = ChenQing;
				TargetAttributes = {
					16BC36071FCE4B1D00FEE28E = {
						CreatedOnToolsVersion = 9.1;
						ProvisioningStyle = Automatic;
					};
				};
			};
			buildConfigurationList = 16BC36031FCE4B1D00FEE28E /* Build configuration list for PBXProject "MVVM-MVP-iOS" */;
			compatibilityVersion = "Xcode 8.0";
			developmentRegion = en;
			hasScannedForEncodings = 0;
			knownRegions = (
				en,
				Base,
			);
			mainGroup = 16BC35FF1FCE4B1D00FEE28E;
			productRefGroup = 16BC36091FCE4B1D00FEE28E /* Products */;
			projectDirPath = "";
			projectRoot = "";
			targets = (
				16BC36071FCE4B1D00FEE28E /* MVVM-MVP-iOS */,
			);
		};
/* End PBXProject section */

/* Begin PBXResourcesBuildPhase section */
		16BC36061FCE4B1D00FEE28E /* Resources */ = {
			isa = PBXResourcesBuildPhase;
			buildActionMask = 2147483647;
			files = (
				16BC36181FCE4B1D00FEE28E /* LaunchScreen.storyboard in Resources */,
				16BC36151FCE4B1D00FEE28E /* Assets.xcassets in Resources */,
				16BC36131FCE4B1D00FEE28E /* Main.storyboard in Resources */,
			);
			runOnlyForDeploymentPostprocessing = 0;
		};
/* End PBXResourcesBuildPhase section */

/* Begin PBXShellScriptBuildPhase section */
		2032B2E1194B0A9725A95A91 /* [CP] Copy Pods Resources */ = {
			isa = PBXShellScriptBuildPhase;
			buildActionMask = 2147483647;
			files = (
			);
			inputPaths = (
				"${SRCROOT}/Pods/Target Support Files/Pods-MVVM-MVP-iOS/Pods-MVVM-MVP-iOS-resources.sh",
				"${PODS_ROOT}/SVProgressHUD/SVProgressHUD/SVProgressHUD.bundle",
			);
			name = "[CP] Copy Pods Resources";
			outputPaths = (
				"${TARGET_BUILD_DIR}/${UNLOCALIZED_RESOURCES_FOLDER_PATH}",
			);
			runOnlyForDeploymentPostprocessing = 0;
			shellPath = /bin/sh;
			shellScript = "\"${SRCROOT}/Pods/Target Support Files/Pods-MVVM-MVP-iOS/Pods-MVVM-MVP-iOS-resources.sh\"\n";
			showEnvVarsInLog = 0;
		};
		2DF78BD51A7F38E2A8C7145C /* [CP] Check Pods Manifest.lock */ = {
			isa = PBXShellScriptBuildPhase;
			buildActionMask = 2147483647;
			files = (
			);
			inputPaths = (
				"${PODS_PODFILE_DIR_PATH}/Podfile.lock",
				"${PODS_ROOT}/Manifest.lock",
			);
			name = "[CP] Check Pods Manifest.lock";
			outputPaths = (
				"$(DERIVED_FILE_DIR)/Pods-MVVM-MVP-iOS-checkManifestLockResult.txt",
			);
			runOnlyForDeploymentPostprocessing = 0;
			shellPath = /bin/sh;
			shellScript = "diff \"${PODS_PODFILE_DIR_PATH}/Podfile.lock\" \"${PODS_ROOT}/Manifest.lock\" > /dev/null\nif [ $? != 0 ] ; then\n    # print error to STDERR\n    echo \"error: The sandbox is not in sync with the Podfile.lock. Run 'pod install' or update your CocoaPods installation.\" >&2\n    exit 1\nfi\n# This output is used by Xcode 'outputs' to avoid re-running this script phase.\necho \"SUCCESS\" > \"${SCRIPT_OUTPUT_FILE_0}\"\n";
			showEnvVarsInLog = 0;
		};
		B9F1D432989B1C03267E2D1A /* [CP] Embed Pods Frameworks */ = {
			isa = PBXShellScriptBuildPhase;
			buildActionMask = 2147483647;
			files = (
			);
			inputPaths = (
			);
			name = "[CP] Embed Pods Frameworks";
			outputPaths = (
			);
			runOnlyForDeploymentPostprocessing = 0;
			shellPath = /bin/sh;
			shellScript = "\"${SRCROOT}/Pods/Target Support Files/Pods-MVVM-MVP-iOS/Pods-MVVM-MVP-iOS-frameworks.sh\"\n";
			showEnvVarsInLog = 0;
		};
/* End PBXShellScriptBuildPhase section */

/* Begin PBXSourcesBuildPhase section */
		16BC36041FCE4B1D00FEE28E /* Sources */ = {
			isa = PBXSourcesBuildPhase;
			buildActionMask = 2147483647;
			files = (
				16BC36331FCE5C6D00FEE28E /* MainTableViewCell.m in Sources */,
				16BC363A1FCE940B00FEE28E /* HTTPRequest.m in Sources */,
				16BC362D1FCE5C4200FEE28E /* MainTableViewController.m in Sources */,
				16BC361B1FCE4B1D00FEE28E /* main.m in Sources */,
				16BC360D1FCE4B1D00FEE28E /* AppDelegate.m in Sources */,
				16BC36231FCE4B6500FEE28E /* RootViewController.m in Sources */,
				16BC363D1FCE959B00FEE28E /* MainTableViewModel.m in Sources */,
				16BC36361FCE5D6800FEE28E /* MainModel.m in Sources */,
				16BC36401FCE99DA00FEE28E /* BaseViewModel.m in Sources */,
			);
			runOnlyForDeploymentPostprocessing = 0;
		};
/* End PBXSourcesBuildPhase section */

/* Begin PBXVariantGroup section */
		16BC36111FCE4B1D00FEE28E /* Main.storyboard */ = {
			isa = PBXVariantGroup;
			children = (
				16BC36121FCE4B1D00FEE28E /* Base */,
			);
			name = Main.storyboard;
			sourceTree = "<group>";
		};
		16BC36161FCE4B1D00FEE28E /* LaunchScreen.storyboard */ = {
			isa = PBXVariantGroup;
			children = (
				16BC36171FCE4B1D00FEE28E /* Base */,
			);
			name = LaunchScreen.storyboard;
			sourceTree = "<group>";
		};
/* End PBXVariantGroup section */

/* Begin XCBuildConfiguration section */
		16BC361C1FCE4B1D00FEE28E /* Debug */ = {
			isa = XCBuildConfiguration;
			buildSettings = {
				ALWAYS_SEARCH_USER_PATHS = NO;
				CLANG_ANALYZER_NONNULL = YES;
				CLANG_ANALYZER_NUMBER_OBJECT_CONVERSION = YES_AGGRESSIVE;
				CLANG_CXX_LANGUAGE_STANDARD = "gnu++14";
				CLANG_CXX_LIBRARY = "libc++";
				CLANG_ENABLE_MODULES = YES;
				CLANG_ENABLE_OBJC_ARC = YES;
				CLANG_WARN_BLOCK_CAPTURE_AUTORELEASING = YES;
				CLANG_WARN_BOOL_CONVERSION = YES;
				CLANG_WARN_COMMA = YES;
				CLANG_WARN_CONSTANT_CONVERSION = YES;
				CLANG_WARN_DIRECT_OBJC_ISA_USAGE = YES_ERROR;
				CLANG_WARN_DOCUMENTATION_COMMENTS = YES;
				CLANG_WARN_EMPTY_BODY = YES;
				CLANG_WARN_ENUM_CONVERSION = YES;
				CLANG_WARN_INFINITE_RECURSION = YES;
				CLANG_WARN_INT_CONVERSION = YES;
				CLANG_WARN_NON_LITERAL_NULL_CONVERSION = YES;
				CLANG_WARN_OBJC_LITERAL_CONVERSION = YES;
				CLANG_WARN_OBJC_ROOT_CLASS = YES_ERROR;
				CLANG_WARN_RANGE_LOOP_ANALYSIS = YES;
				CLANG_WARN_STRICT_PROTOTYPES = YES;
				CLANG_WARN_SUSPICIOUS_MOVE = YES;
				CLANG_WARN_UNGUARDED_AVAILABILITY = YES_AGGRESSIVE;
				CLANG_WARN_UNREACHABLE_CODE = YES;
				CLANG_WARN__DUPLICATE_METHOD_MATCH = YES;
				CODE_SIGN_IDENTITY = "iPhone Developer";
				COPY_PHASE_STRIP = NO;
				DEBUG_INFORMATION_FORMAT = dwarf;
				ENABLE_STRICT_OBJC_MSGSEND = YES;
				ENABLE_TESTABILITY = YES;
				GCC_C_LANGUAGE_STANDARD = gnu11;
				GCC_DYNAMIC_NO_PIC = NO;
				GCC_NO_COMMON_BLOCKS = YES;
				GCC_OPTIMIZATION_LEVEL = 0;
				GCC_PREPROCESSOR_DEFINITIONS = (
					"DEBUG=1",
					"$(inherited)",
				);
				GCC_WARN_64_TO_32_BIT_CONVERSION = YES;
				GCC_WARN_ABOUT_RETURN_TYPE = YES_ERROR;
				GCC_WARN_UNDECLARED_SELECTOR = YES;
				GCC_WARN_UNINITIALIZED_AUTOS = YES_AGGRESSIVE;
				GCC_WARN_UNUSED_FUNCTION = YES;
				GCC_WARN_UNUSED_VARIABLE = YES;
				IPHONEOS_DEPLOYMENT_TARGET = 11.1;
				MTL_ENABLE_DEBUG_INFO = YES;
				ONLY_ACTIVE_ARCH = YES;
				SDKROOT = iphoneos;
			};
			name = Debug;
		};
		16BC361D1FCE4B1D00FEE28E /* Release */ = {
			isa = XCBuildConfiguration;
			buildSettings = {
				ALWAYS_SEARCH_USER_PATHS = NO;
				CLANG_ANALYZER_NONNULL = YES;
				CLANG_ANALYZER_NUMBER_OBJECT_CONVERSION = YES_AGGRESSIVE;
				CLANG_CXX_LANGUAGE_STANDARD = "gnu++14";
				CLANG_CXX_LIBRARY = "libc++";
				CLANG_ENABLE_MODULES = YES;
				CLANG_ENABLE_OBJC_ARC = YES;
				CLANG_WARN_BLOCK_CAPTURE_AUTORELEASING = YES;
				CLANG_WARN_BOOL_CONVERSION = YES;
				CLANG_WARN_COMMA = YES;
				CLANG_WARN_CONSTANT_CONVERSION = YES;
				CLANG_WARN_DIRECT_OBJC_ISA_USAGE = YES_ERROR;
				CLANG_WARN_DOCUMENTATION_COMMENTS = YES;
				CLANG_WARN_EMPTY_BODY = YES;
				CLANG_WARN_ENUM_CONVERSION = YES;
				CLANG_WARN_INFINITE_RECURSION = YES;
				CLANG_WARN_INT_CONVERSION = YES;
				CLANG_WARN_NON_LITERAL_NULL_CONVERSION = YES;
				CLANG_WARN_OBJC_LITERAL_CONVERSION = YES;
				CLANG_WARN_OBJC_ROOT_CLASS = YES_ERROR;
				CLANG_WARN_RANGE_LOOP_ANALYSIS = YES;
				CLANG_WARN_STRICT_PROTOTYPES = YES;
				CLANG_WARN_SUSPICIOUS_MOVE = YES;
				CLANG_WARN_UNGUARDED_AVAILABILITY = YES_AGGRESSIVE;
				CLANG_WARN_UNREACHABLE_CODE = YES;
				CLANG_WARN__DUPLICATE_METHOD_MATCH = YES;
				CODE_SIGN_IDENTITY = "iPhone Developer";
				COPY_PHASE_STRIP = NO;
				DEBUG_INFORMATION_FORMAT = "dwarf-with-dsym";
				ENABLE_NS_ASSERTIONS = NO;
				ENABLE_STRICT_OBJC_MSGSEND = YES;
				GCC_C_LANGUAGE_STANDARD = gnu11;
				GCC_NO_COMMON_BLOCKS = YES;
				GCC_WARN_64_TO_32_BIT_CONVERSION = YES;
				GCC_WARN_ABOUT_RETURN_TYPE = YES_ERROR;
				GCC_WARN_UNDECLARED_SELECTOR = YES;
				GCC_WARN_UNINITIALIZED_AUTOS = YES_AGGRESSIVE;
				GCC_WARN_UNUSED_FUNCTION = YES;
				GCC_WARN_UNUSED_VARIABLE = YES;
				IPHONEOS_DEPLOYMENT_TARGET = 11.1;
				MTL_ENABLE_DEBUG_INFO = NO;
				SDKROOT = iphoneos;
				VALIDATE_PRODUCT = YES;
			};
			name = Release;
		};
		16BC361F1FCE4B1D00FEE28E /* Debug */ = {
			isa = XCBuildConfiguration;
			baseConfigurationReference = 5A1828F623AC8D2A4161C438 /* Pods-MVVM-MVP-iOS.debug.xcconfig */;
			buildSettings = {
				ASSETCATALOG_COMPILER_APPICON_NAME = AppIcon;
				CODE_SIGN_STYLE = Automatic;
				GCC_PREFIX_HEADER = "MVVM-MVP-iOS/PrefixHeader.pch";
				INFOPLIST_FILE = "MVVM-MVP-iOS/Info.plist";
				LD_RUNPATH_SEARCH_PATHS = "$(inherited) @executable_path/Frameworks";
				PRODUCT_BUNDLE_IDENTIFIER = "com.dabai.health.yisheng.MVVM-MVP-iOS";
				PRODUCT_NAME = "$(TARGET_NAME)";
				TARGETED_DEVICE_FAMILY = "1,2";
			};
			name = Debug;
		};
		16BC36201FCE4B1D00FEE28E /* Release */ = {
			isa = XCBuildConfiguration;
			baseConfigurationReference = A1B78365CB86F2837A57F317 /* Pods-MVVM-MVP-iOS.release.xcconfig */;
			buildSettings = {
				ASSETCATALOG_COMPILER_APPICON_NAME = AppIcon;
				CODE_SIGN_STYLE = Automatic;
				GCC_PREFIX_HEADER = "MVVM-MVP-iOS/PrefixHeader.pch";
				INFOPLIST_FILE = "MVVM-MVP-iOS/Info.plist";
				LD_RUNPATH_SEARCH_PATHS = "$(inherited) @executable_path/Frameworks";
				PRODUCT_BUNDLE_IDENTIFIER = "com.dabai.health.yisheng.MVVM-MVP-iOS";
				PRODUCT_NAME = "$(TARGET_NAME)";
				TARGETED_DEVICE_FAMILY = "1,2";
			};
			name = Release;
		};
/* End XCBuildConfiguration section */

/* Begin XCConfigurationList section */
		16BC36031FCE4B1D00FEE28E /* Build configuration list for PBXProject "MVVM-MVP-iOS" */ = {
			isa = XCConfigurationList;
			buildConfigurations = (
				16BC361C1FCE4B1D00FEE28E /* Debug */,
				16BC361D1FCE4B1D00FEE28E /* Release */,
			);
			defaultConfigurationIsVisible = 0;
			defaultConfigurationName = Release;
		};
		16BC361E1FCE4B1D00FEE28E /* Build configuration list for PBXNativeTarget "MVVM-MVP-iOS" */ = {
			isa = XCConfigurationList;
			buildConfigurations = (
				16BC361F1FCE4B1D00FEE28E /* Debug */,
				16BC36201FCE4B1D00FEE28E /* Release */,
			);
			defaultConfigurationIsVisible = 0;
			defaultConfigurationName = Release;
		};
/* End XCConfigurationList section */
	};
	rootObject = 16BC36001FCE4B1D00FEE28E /* Project object */;
}
